
Microsoft Visual Studio Solution File, Format Version 12.00
# Visual Studio Version 17
VisualStudioVersion = 17.0.31903.59
MinimumVisualStudioVersion = 10.0.40219.1
Project("{2150E333-8FDC-42A3-9474-1A3956D46DE8}") = "apps", "apps", "{AC072061-A8C4-40C2-A071-988359D307CB}"
EndProject
Project("{2150E333-8FDC-42A3-9474-1A3956D46DE8}") = "platform", "platform", "{43C56B9F-7386-452B-B2D1-E5E017C8CF6F}"
EndProject
Project("{FAE04EC0-301F-11D3-BF4B-00C04F79EFBC}") = "Platform.Domain", "apps\platform\Platform.Domain\Platform.Domain.csproj", "{CC8159E7-E0F4-4112-9412-4E6DCA710623}"
EndProject
Project("{FAE04EC0-301F-11D3-BF4B-00C04F79EFBC}") = "Platform.Application", "apps\platform\Platform.Application\Platform.Application.csproj", "{ED3E84AE-0873-4400-9F6B-FA678621DA27}"
EndProject
Project("{FAE04EC0-301F-11D3-BF4B-00C04F79EFBC}") = "Platform.Infrastructure", "apps\platform\Platform.Infrastructure\Platform.Infrastructure.csproj", "{A9F15F27-6AB7-4CA2-817A-2EF8FB0F1A3F}"
EndProject
Project("{FAE04EC0-301F-11D3-BF4B-00C04F79EFBC}") = "platform.Api", "apps\platform\Platform.Api\platform.Api.csproj", "{87F2A509-4B8D-46D3-8AD3-63A4573B8525}"
EndProject
Global
	GlobalSection(SolutionConfigurationPlatforms) = preSolution
		Debug|Any CPU = Debug|Any CPU
		Release|Any CPU = Release|Any CPU
	EndGlobalSection
	GlobalSection(SolutionProperties) = preSolution
		HideSolutionNode = FALSE
	EndGlobalSection
	GlobalSection(ProjectConfigurationPlatforms) = postSolution
		{CC8159E7-E0F4-4112-9412-4E6DCA710623}.Debug|Any CPU.ActiveCfg = Debug|Any CPU
		{CC8159E7-E0F4-4112-9412-4E6DCA710623}.Debug|Any CPU.Build.0 = Debug|Any CPU
		{CC8159E7-E0F4-4112-9412-4E6DCA710623}.Release|Any CPU.ActiveCfg = Release|Any CPU
		{CC8159E7-E0F4-4112-9412-4E6DCA710623}.Release|Any CPU.Build.0 = Release|Any CPU
		{ED3E84AE-0873-4400-9F6B-FA678621DA27}.Debug|Any CPU.ActiveCfg = Debug|Any CPU
		{ED3E84AE-0873-4400-9F6B-FA678621DA27}.Debug|Any CPU.Build.0 = Debug|Any CPU
		{ED3E84AE-0873-4400-9F6B-FA678621DA27}.Release|Any CPU.ActiveCfg = Release|Any CPU
		{ED3E84AE-0873-4400-9F6B-FA678621DA27}.Release|Any CPU.Build.0 = Release|Any CPU
		{A9F15F27-6AB7-4CA2-817A-2EF8FB0F1A3F}.Debug|Any CPU.ActiveCfg = Debug|Any CPU
		{A9F15F27-6AB7-4CA2-817A-2EF8FB0F1A3F}.Debug|Any CPU.Build.0 = Debug|Any CPU
		{A9F15F27-6AB7-4CA2-817A-2EF8FB0F1A3F}.Release|Any CPU.ActiveCfg = Release|Any CPU
		{A9F15F27-6AB7-4CA2-817A-2EF8FB0F1A3F}.Release|Any CPU.Build.0 = Release|Any CPU
		{87F2A509-4B8D-46D3-8AD3-63A4573B8525}.Debug|Any CPU.ActiveCfg = Debug|Any CPU
		{87F2A509-4B8D-46D3-8AD3-63A4573B8525}.Debug|Any CPU.Build.0 = Debug|Any CPU
		{87F2A509-4B8D-46D3-8AD3-63A4573B8525}.Release|Any CPU.ActiveCfg = Release|Any CPU
		{87F2A509-4B8D-46D3-8AD3-63A4573B8525}.Release|Any CPU.Build.0 = Release|Any CPU
	EndGlobalSection
	GlobalSection(NestedProjects) = preSolution
		{43C56B9F-7386-452B-B2D1-E5E017C8CF6F} = {AC072061-A8C4-40C2-A071-988359D307CB}
		{CC8159E7-E0F4-4112-9412-4E6DCA710623} = {43C56B9F-7386-452B-B2D1-E5E017C8CF6F}
		{ED3E84AE-0873-4400-9F6B-FA678621DA27} = {43C56B9F-7386-452B-B2D1-E5E017C8CF6F}
		{A9F15F27-6AB7-4CA2-817A-2EF8FB0F1A3F} = {43C56B9F-7386-452B-B2D1-E5E017C8CF6F}
		{87F2A509-4B8D-46D3-8AD3-63A4573B8525} = {43C56B9F-7386-452B-B2D1-E5E017C8CF6F}
	EndGlobalSection
EndGlobal
